
Microsoft Visual Studio Solution File, Format Version 12.00
# Visual Studio Version 17
VisualStudioVersion = 17.5.33516.290
MinimumVisualStudioVersion = 10.0.40219.1
Project("{9A19103F-16F7-4668-BE54-9A1E7A4F7556}") = "ContractionHierarchies", "ContractionHierarchies\ContractionHierarchies.csproj", "{9AC7BA04-FB2E-445E-A1FF-3750CC8106F4}"
EndProject
Global
	GlobalSection(SolutionConfigurationPlatforms) = preSolution
		Debug|Any CPU = Debug|Any CPU
		Release 2.0|Any CPU = Release 2.0|Any CPU
		Release 4.5|Any CPU = Release 4.5|Any CPU
		Release|Any CPU = Release|Any CPU
	EndGlobalSection
	GlobalSection(ProjectConfigurationPlatforms) = postSolution
		{9AC7BA04-FB2E-445E-A1FF-3750CC8106F4}.Debug|Any CPU.ActiveCfg = Debug|Any CPU
		{9AC7BA04-FB2E-445E-A1FF-3750CC8106F4}.Debug|Any CPU.Build.0 = Debug|Any CPU
		{9AC7BA04-FB2E-445E-A1FF-3750CC8106F4}.Release 2.0|Any CPU.ActiveCfg = Release|Any CPU
		{9AC7BA04-FB2E-445E-A1FF-3750CC8106F4}.Release 2.0|Any CPU.Build.0 = Release|Any CPU
		{9AC7BA04-FB2E-445E-A1FF-3750CC8106F4}.Release 4.5|Any CPU.ActiveCfg = Release|Any CPU
		{9AC7BA04-FB2E-445E-A1FF-3750CC8106F4}.Release 4.5|Any CPU.Build.0 = Release|Any CPU
		{9AC7BA04-FB2E-445E-A1FF-3750CC8106F4}.Release|Any CPU.ActiveCfg = Release|Any CPU
		{9AC7BA04-FB2E-445E-A1FF-3750CC8106F4}.Release|Any CPU.Build.0 = Release|Any CPU
	EndGlobalSection
	GlobalSection(SolutionProperties) = preSolution
		HideSolutionNode = FALSE
	EndGlobalSection
	GlobalSection(ExtensibilityGlobals) = postSolution
		SolutionGuid = {78D23BCF-9564-48F1-9196-6EE172733BC2}
	EndGlobalSection
EndGlobal
